
Microsoft Visual Studio Solution File, Format Version 12.00
# Visual Studio 15
VisualStudioVersion = 15.0.27703.2042
MinimumVisualStudioVersion = 10.0.40219.1
Project("{FAE04EC0-301F-11D3-BF4B-00C04F79EFBC}") = "TouresBalonB2C", "TouresBalonB2C\TouresBalonB2C.csproj", "{BD184239-B0F7-4F84-BE7E-D649958DE0A1}"
EndProject
Project("{FAE04EC0-301F-11D3-BF4B-00C04F79EFBC}") = "Entities", "Entities\Entities.csproj", "{813018E8-4F98-4449-9F88-5D6C63A8A38F}"
EndProject
Project("{FAE04EC0-301F-11D3-BF4B-00C04F79EFBC}") = "Business", "Bussines\Business.csproj", "{7A77CA39-477E-4459-9D60-1168699ECC36}"
EndProject
Project("{FAE04EC0-301F-11D3-BF4B-00C04F79EFBC}") = "TestTouresBalon", "TestTouresBalon\TestTouresBalon.csproj", "{ACF65820-8296-4214-82AA-54B69EC92810}"
EndProject
Global
	GlobalSection(SolutionConfigurationPlatforms) = preSolution
		Debug|Any CPU = Debug|Any CPU
		Debug|ARM = Debug|ARM
		Debug|x64 = Debug|x64
		Debug|x86 = Debug|x86
		Release|Any CPU = Release|Any CPU
		Release|ARM = Release|ARM
		Release|x64 = Release|x64
		Release|x86 = Release|x86
	EndGlobalSection
	GlobalSection(ProjectConfigurationPlatforms) = postSolution
		{BD184239-B0F7-4F84-BE7E-D649958DE0A1}.Debug|Any CPU.ActiveCfg = Debug|Any CPU
		{BD184239-B0F7-4F84-BE7E-D649958DE0A1}.Debug|Any CPU.Build.0 = Debug|Any CPU
		{BD184239-B0F7-4F84-BE7E-D649958DE0A1}.Debug|ARM.ActiveCfg = Debug|Any CPU
		{BD184239-B0F7-4F84-BE7E-D649958DE0A1}.Debug|ARM.Build.0 = Debug|Any CPU
		{BD184239-B0F7-4F84-BE7E-D649958DE0A1}.Debug|x64.ActiveCfg = Debug|Any CPU
		{BD184239-B0F7-4F84-BE7E-D649958DE0A1}.Debug|x64.Build.0 = Debug|Any CPU
		{BD184239-B0F7-4F84-BE7E-D649958DE0A1}.Debug|x86.ActiveCfg = Debug|Any CPU
		{BD184239-B0F7-4F84-BE7E-D649958DE0A1}.Debug|x86.Build.0 = Debug|Any CPU
		{BD184239-B0F7-4F84-BE7E-D649958DE0A1}.Release|Any CPU.ActiveCfg = Release|Any CPU
		{BD184239-B0F7-4F84-BE7E-D649958DE0A1}.Release|Any CPU.Build.0 = Release|Any CPU
		{BD184239-B0F7-4F84-BE7E-D649958DE0A1}.Release|ARM.ActiveCfg = Release|Any CPU
		{BD184239-B0F7-4F84-BE7E-D649958DE0A1}.Release|ARM.Build.0 = Release|Any CPU
		{BD184239-B0F7-4F84-BE7E-D649958DE0A1}.Release|x64.ActiveCfg = Release|Any CPU
		{BD184239-B0F7-4F84-BE7E-D649958DE0A1}.Release|x64.Build.0 = Release|Any CPU
		{BD184239-B0F7-4F84-BE7E-D649958DE0A1}.Release|x86.ActiveCfg = Release|Any CPU
		{BD184239-B0F7-4F84-BE7E-D649958DE0A1}.Release|x86.Build.0 = Release|Any CPU
		{813018E8-4F98-4449-9F88-5D6C63A8A38F}.Debug|Any CPU.ActiveCfg = Debug|Any CPU
		{813018E8-4F98-4449-9F88-5D6C63A8A38F}.Debug|Any CPU.Build.0 = Debug|Any CPU
		{813018E8-4F98-4449-9F88-5D6C63A8A38F}.Debug|ARM.ActiveCfg = Debug|Any CPU
		{813018E8-4F98-4449-9F88-5D6C63A8A38F}.Debug|ARM.Build.0 = Debug|Any CPU
		{813018E8-4F98-4449-9F88-5D6C63A8A38F}.Debug|x64.ActiveCfg = Debug|Any CPU
		{813018E8-4F98-4449-9F88-5D6C63A8A38F}.Debug|x64.Build.0 = Debug|Any CPU
		{813018E8-4F98-4449-9F88-5D6C63A8A38F}.Debug|x86.ActiveCfg = Debug|Any CPU
		{813018E8-4F98-4449-9F88-5D6C63A8A38F}.Debug|x86.Build.0 = Debug|Any CPU
		{813018E8-4F98-4449-9F88-5D6C63A8A38F}.Release|Any CPU.ActiveCfg = Release|Any CPU
		{813018E8-4F98-4449-9F88-5D6C63A8A38F}.Release|Any CPU.Build.0 = Release|Any CPU
		{813018E8-4F98-4449-9F88-5D6C63A8A38F}.Release|ARM.ActiveCfg = Release|Any CPU
		{813018E8-4F98-4449-9F88-5D6C63A8A38F}.Release|ARM.Build.0 = Release|Any CPU
		{813018E8-4F98-4449-9F88-5D6C63A8A38F}.Release|x64.ActiveCfg = Release|Any CPU
		{813018E8-4F98-4449-9F88-5D6C63A8A38F}.Release|x64.Build.0 = Release|Any CPU
		{813018E8-4F98-4449-9F88-5D6C63A8A38F}.Release|x86.ActiveCfg = Release|Any CPU
		{813018E8-4F98-4449-9F88-5D6C63A8A38F}.Release|x86.Build.0 = Release|Any CPU
		{7A77CA39-477E-4459-9D60-1168699ECC36}.Debug|Any CPU.ActiveCfg = Debug|Any CPU
		{7A77CA39-477E-4459-9D60-1168699ECC36}.Debug|Any CPU.Build.0 = Debug|Any CPU
		{7A77CA39-477E-4459-9D60-1168699ECC36}.Debug|ARM.ActiveCfg = Debug|Any CPU
		{7A77CA39-477E-4459-9D60-1168699ECC36}.Debug|ARM.Build.0 = Debug|Any CPU
		{7A77CA39-477E-4459-9D60-1168699ECC36}.Debug|x64.ActiveCfg = Debug|Any CPU
		{7A77CA39-477E-4459-9D60-1168699ECC36}.Debug|x64.Build.0 = Debug|Any CPU
		{7A77CA39-477E-4459-9D60-1168699ECC36}.Debug|x86.ActiveCfg = Debug|Any CPU
		{7A77CA39-477E-4459-9D60-1168699ECC36}.Debug|x86.Build.0 = Debug|Any CPU
		{7A77CA39-477E-4459-9D60-1168699ECC36}.Release|Any CPU.ActiveCfg = Release|Any CPU
		{7A77CA39-477E-4459-9D60-1168699ECC36}.Release|Any CPU.Build.0 = Release|Any CPU
		{7A77CA39-477E-4459-9D60-1168699ECC36}.Release|ARM.ActiveCfg = Release|Any CPU
		{7A77CA39-477E-4459-9D60-1168699ECC36}.Release|ARM.Build.0 = Release|Any CPU
		{7A77CA39-477E-4459-9D60-1168699ECC36}.Release|x64.ActiveCfg = Release|Any CPU
		{7A77CA39-477E-4459-9D60-1168699ECC36}.Release|x64.Build.0 = Release|Any CPU
		{7A77CA39-477E-4459-9D60-1168699ECC36}.Release|x86.ActiveCfg = Release|Any CPU
		{7A77CA39-477E-4459-9D60-1168699ECC36}.Release|x86.Build.0 = Release|Any CPU
		{ACF65820-8296-4214-82AA-54B69EC92810}.Debug|Any CPU.ActiveCfg = Debug|Any CPU
		{ACF65820-8296-4214-82AA-54B69EC92810}.Debug|Any CPU.Build.0 = Debug|Any CPU
		{ACF65820-8296-4214-82AA-54B69EC92810}.Debug|ARM.ActiveCfg = Debug|Any CPU
		{ACF65820-8296-4214-82AA-54B69EC92810}.Debug|ARM.Build.0 = Debug|Any CPU
		{ACF65820-8296-4214-82AA-54B69EC92810}.Debug|x64.ActiveCfg = Debug|Any CPU
		{ACF65820-8296-4214-82AA-54B69EC92810}.Debug|x64.Build.0 = Debug|Any CPU
		{ACF65820-8296-4214-82AA-54B69EC92810}.Debug|x86.ActiveCfg = Debug|Any CPU
		{ACF65820-8296-4214-82AA-54B69EC92810}.Debug|x86.Build.0 = Debug|Any CPU
		{ACF65820-8296-4214-82AA-54B69EC92810}.Release|Any CPU.ActiveCfg = Release|Any CPU
		{ACF65820-8296-4214-82AA-54B69EC92810}.Release|Any CPU.Build.0 = Release|Any CPU
		{ACF65820-8296-4214-82AA-54B69EC92810}.Release|ARM.ActiveCfg = Release|Any CPU
		{ACF65820-8296-4214-82AA-54B69EC92810}.Release|ARM.Build.0 = Release|Any CPU
		{ACF65820-8296-4214-82AA-54B69EC92810}.Release|x64.ActiveCfg = Release|Any CPU
		{ACF65820-8296-4214-82AA-54B69EC92810}.Release|x64.Build.0 = Release|Any CPU
		{ACF65820-8296-4214-82AA-54B69EC92810}.Release|x86.ActiveCfg = Release|Any CPU
		{ACF65820-8296-4214-82AA-54B69EC92810}.Release|x86.Build.0 = Release|Any CPU
	EndGlobalSection
	GlobalSection(SolutionProperties) = preSolution
		HideSolutionNode = FALSE
	EndGlobalSection
	GlobalSection(ExtensibilityGlobals) = postSolution
		SolutionGuid = {CFEA3266-EBFE-4C18-83AC-D0B6D9176A9D}
	EndGlobalSection
EndGlobal
